
Microsoft Visual Studio Solution File, Format Version 12.00
# Visual Studio 15
VisualStudioVersion = 15.0.28307.489
MinimumVisualStudioVersion = 10.0.40219.1
Project("{9A19103F-16F7-4668-BE54-9A1E7A4F7556}") = "MVCswitchback", "MVCswitchback\MVCswitchback.csproj", "{8732B3F1-305C-4926-B882-AC1F04D28C00}"
EndProject
Project("{FAE04EC0-301F-11D3-BF4B-00C04F79EFBC}") = "WebAppTests", "WebAppTests\WebAppTests.csproj", "{66D4EEA3-F725-4317-82FD-4FC075B9DE12}"
EndProject
Global
	GlobalSection(SolutionConfigurationPlatforms) = preSolution
		Debug|Any CPU = Debug|Any CPU
		Release|Any CPU = Release|Any CPU
	EndGlobalSection
	GlobalSection(ProjectConfigurationPlatforms) = postSolution
		{8732B3F1-305C-4926-B882-AC1F04D28C00}.Debug|Any CPU.ActiveCfg = Debug|Any CPU
		{8732B3F1-305C-4926-B882-AC1F04D28C00}.Debug|Any CPU.Build.0 = Debug|Any CPU
		{8732B3F1-305C-4926-B882-AC1F04D28C00}.Release|Any CPU.ActiveCfg = Release|Any CPU
		{8732B3F1-305C-4926-B882-AC1F04D28C00}.Release|Any CPU.Build.0 = Release|Any CPU
		{66D4EEA3-F725-4317-82FD-4FC075B9DE12}.Debug|Any CPU.ActiveCfg = Debug|Any CPU
		{66D4EEA3-F725-4317-82FD-4FC075B9DE12}.Debug|Any CPU.Build.0 = Debug|Any CPU
		{66D4EEA3-F725-4317-82FD-4FC075B9DE12}.Release|Any CPU.ActiveCfg = Release|Any CPU
		{66D4EEA3-F725-4317-82FD-4FC075B9DE12}.Release|Any CPU.Build.0 = Release|Any CPU
	EndGlobalSection
	GlobalSection(SolutionProperties) = preSolution
		HideSolutionNode = FALSE
	EndGlobalSection
	GlobalSection(ExtensibilityGlobals) = postSolution
		SolutionGuid = {144D7723-AEA7-4D73-947F-2BB0E93CAEC8}
	EndGlobalSection
EndGlobal
